
Microsoft Visual Studio Solution File, Format Version 12.00
# Visual Studio Version 17
VisualStudioVersion = 17.11.35327.3
MinimumVisualStudioVersion = 10.0.40219.1
Project("{FAE04EC0-301F-11D3-BF4B-00C04F79EFBC}") = "Lab9", "Lab9\Lab9.csproj", "{288F548B-7E10-4720-B5E0-2C2F77127D10}"
EndProject
Global
	GlobalSection(SolutionConfigurationPlatforms) = preSolution
		Debug|Any CPU = Debug|Any CPU
		Release|Any CPU = Release|Any CPU
	EndGlobalSection
	GlobalSection(ProjectConfigurationPlatforms) = postSolution
		{288F548B-7E10-4720-B5E0-2C2F77127D10}.Debug|Any CPU.ActiveCfg = Debug|Any CPU
		{288F548B-7E10-4720-B5E0-2C2F77127D10}.Debug|Any CPU.Build.0 = Debug|Any CPU
		{288F548B-7E10-4720-B5E0-2C2F77127D10}.Release|Any CPU.ActiveCfg = Release|Any CPU
		{288F548B-7E10-4720-B5E0-2C2F77127D10}.Release|Any CPU.Build.0 = Release|Any CPU
	EndGlobalSection
	GlobalSection(SolutionProperties) = preSolution
		HideSolutionNode = FALSE
	EndGlobalSection
	GlobalSection(ExtensibilityGlobals) = postSolution
		SolutionGuid = {E7D0936F-B00D-4C44-9A9D-2B447AA4576F}
	EndGlobalSection
EndGlobal
